
Microsoft Visual Studio Solution File, Format Version 12.00
# Visual Studio Version 17
VisualStudioVersion = 17.11.35222.181
MinimumVisualStudioVersion = 10.0.40219.1
Project("{FAE04EC0-301F-11D3-BF4B-00C04F79EFBC}") = "V.48", "V.48\V.48.csproj", "{797FC967-1071-4059-8023-29CAF2CCE480}"
EndProject
Global
	GlobalSection(SolutionConfigurationPlatforms) = preSolution
		Debug|Any CPU = Debug|Any CPU
		Release|Any CPU = Release|Any CPU
	EndGlobalSection
	GlobalSection(ProjectConfigurationPlatforms) = postSolution
		{797FC967-1071-4059-8023-29CAF2CCE480}.Debug|Any CPU.ActiveCfg = Debug|Any CPU
		{797FC967-1071-4059-8023-29CAF2CCE480}.Debug|Any CPU.Build.0 = Debug|Any CPU
		{797FC967-1071-4059-8023-29CAF2CCE480}.Release|Any CPU.ActiveCfg = Release|Any CPU
		{797FC967-1071-4059-8023-29CAF2CCE480}.Release|Any CPU.Build.0 = Release|Any CPU
	EndGlobalSection
	GlobalSection(SolutionProperties) = preSolution
		HideSolutionNode = FALSE
	EndGlobalSection
	GlobalSection(ExtensibilityGlobals) = postSolution
		SolutionGuid = {05E5FC0F-245D-4633-B73D-78CEE0736B7F}
	EndGlobalSection
EndGlobal
